
Microsoft Visual Studio Solution File, Format Version 12.00
# Visual Studio 15
Project("{FAE04EC0-301F-11D3-BF4B-00C04F79EFBC}") = "Assembly-CSharp", "Assembly-CSharp.csproj", "{F53A6D13-56B5-17A6-ED1B-BA0615AC7E33}"
EndProject
Project("{FAE04EC0-301F-11D3-BF4B-00C04F79EFBC}") = "Assembly-CSharp-firstpass", "Assembly-CSharp-firstpass.csproj", "{E60FBE60-60A9-760F-411A-6F78B682BDD1}"
EndProject
Project("{FAE04EC0-301F-11D3-BF4B-00C04F79EFBC}") = "Assembly-CSharp-Editor", "Assembly-CSharp-Editor.csproj", "{9457C3B5-89A3-373A-FEE3-3322097EE0B8}"
EndProject
Global
	GlobalSection(SolutionConfigurationPlatforms) = preSolution
		Debug|Any CPU = Debug|Any CPU
		Release|Any CPU = Release|Any CPU
	EndGlobalSection
	GlobalSection(ProjectConfigurationPlatforms) = postSolution
		{F53A6D13-56B5-17A6-ED1B-BA0615AC7E33}.Debug|Any CPU.ActiveCfg = Debug|Any CPU
		{F53A6D13-56B5-17A6-ED1B-BA0615AC7E33}.Debug|Any CPU.Build.0 = Debug|Any CPU
		{F53A6D13-56B5-17A6-ED1B-BA0615AC7E33}.Release|Any CPU.ActiveCfg = Release|Any CPU
		{F53A6D13-56B5-17A6-ED1B-BA0615AC7E33}.Release|Any CPU.Build.0 = Release|Any CPU
		{E60FBE60-60A9-760F-411A-6F78B682BDD1}.Debug|Any CPU.ActiveCfg = Debug|Any CPU
		{E60FBE60-60A9-760F-411A-6F78B682BDD1}.Debug|Any CPU.Build.0 = Debug|Any CPU
		{E60FBE60-60A9-760F-411A-6F78B682BDD1}.Release|Any CPU.ActiveCfg = Release|Any CPU
		{E60FBE60-60A9-760F-411A-6F78B682BDD1}.Release|Any CPU.Build.0 = Release|Any CPU
		{9457C3B5-89A3-373A-FEE3-3322097EE0B8}.Debug|Any CPU.ActiveCfg = Debug|Any CPU
		{9457C3B5-89A3-373A-FEE3-3322097EE0B8}.Debug|Any CPU.Build.0 = Debug|Any CPU
		{9457C3B5-89A3-373A-FEE3-3322097EE0B8}.Release|Any CPU.ActiveCfg = Release|Any CPU
		{9457C3B5-89A3-373A-FEE3-3322097EE0B8}.Release|Any CPU.Build.0 = Release|Any CPU
	EndGlobalSection
	GlobalSection(SolutionProperties) = preSolution
		HideSolutionNode = FALSE
	EndGlobalSection
EndGlobal
